github.com/goftp/server v0.0.0-20200708154336-f64f7c2d8a42 h1:JdOp2qR5PF4O75tzHeqrwnDDv8oHDptWyTbyYS4fD8E=
github.com/goftp/server v0.0.0-20200708154336-f64f7c2d8a42/go.mod h1:k/SS6VWkxY7dHPhoMQ8IdRu8L4lQtmGbhyXGg+vCnXE=
github.com/gorilla/websocket v1.5.0 h1:PPwGk2jz7EePpoHN/+ClbZu8SPxiqlu12wZP/3sWmnc=
github.com/gorilla/websocket v1.5.0/go.mod h1:YR8l580nyteQvAITg2hZ9XVh4b55+EU/adAjf1fMHhE=
github.com/joho/godotenv v1.4.0 h1:3l4+N6zfMWnkbPEXKng2o2/MR5mSwTrBih4ZEkkz1lg=
github.com/joho/godotenv v1.4.0/go.mod h1:f4LDr5Voq0i2e/R5DDNOoa2zzDfwtkZa6DnEwAbqwq4=
github.com/migelit0/physics_server/core v0.0.0-20220718115559-09a71a6637c8 h1:mhMpmDNq8m87rSTM0r+rNRZ7IQSnykfex1fltR0iZfg=
github.com/migelit0/physics_server/core v0.0.0-20220718115559-09a71a6637c8/go.mod h1:PSgiovyiDAOrFU0i9+dGJc8WwGvsISus8uv+qMehp4w=
github.com/migelit0/physics_server/core v0.1.2 h1:le+aj1DLrzsRBybxzUfJ/U+PUWxAiAClyIGWZkRVjGs=
github.com/migelit0/physics_server/core v0.1.2/go.mod h1:PSgiovyiDAOrFU0i9+dGJc8WwGvsISus8uv+qMehp4w=
github.com/migelit0/physics_server/core v0.1.5 h1:RZbwPI643KdnwG8YshWP0ZpDJZednjRo1GcUYmdpwEo=
github.com/migelit0/physics_server/core v0.1.5/go.mod h1:PSgiovyiDAOrFU0i9+dGJc8WwGvsISus8uv+qMehp4w=
github.com/migelit0/physics_server/core v0.1.6 h1:4YwTHxUHgIGWUAmIrp9Gj6TBNVlqZuNNIXZjO7lxXqU=
github.com/migelit0/physics_server/core v0.1.6/go.mod h1:PSgiovyiDAOrFU0i9+dGJc8WwGvsISus8uv+qMehp4w=
github.com/migelit0/physics_server/core v0.1.7 h1:o6UkIAMO0V6w1ljfxeeZ2bMibjm8hZKxiC9baJZdEec=
github.com/migelit0/physics_server/core v0.1.7/go.mod h1:PSgiovyiDAOrFU0i9+dGJc8WwGvsISus8uv+qMehp4w=
github.com/migelit0/physics_server/core v0.1.8 h1:RtTC/cmM967/bbK/1fqCXKgMtpG19kNHhLSHtkypiWg=
github.com/migelit0/physics_server/core v0.1.8/go.mod h1:PSgiovyiDAOrFU0i9+dGJc8WwGvsISus8uv+qMehp4w=
